
Microsoft Visual Studio Solution File, Format Version 12.00
Project("{FAE04EC0-301F-11D3-BF4B-00C04F79EFBC}") = "tools", "tools\tools.csproj", "{A58E04FF-DBB7-4480-96DB-92C5EB0A5806}"
EndProject
Project("{FAE04EC0-301F-11D3-BF4B-00C04F79EFBC}") = "tools.specs", "tools.specs\tools.specs.csproj", "{094396A0-C5F8-4992-B849-FF34257D5D1B}"
EndProject
Global
	GlobalSection(SolutionConfigurationPlatforms) = preSolution
		Debug|Any CPU = Debug|Any CPU
		Release|Any CPU = Release|Any CPU
	EndGlobalSection
	GlobalSection(ProjectConfigurationPlatforms) = postSolution
		{A58E04FF-DBB7-4480-96DB-92C5EB0A5806}.Debug|Any CPU.ActiveCfg = Debug|Any CPU
		{A58E04FF-DBB7-4480-96DB-92C5EB0A5806}.Debug|Any CPU.Build.0 = Debug|Any CPU
		{A58E04FF-DBB7-4480-96DB-92C5EB0A5806}.Release|Any CPU.ActiveCfg = Release|Any CPU
		{A58E04FF-DBB7-4480-96DB-92C5EB0A5806}.Release|Any CPU.Build.0 = Release|Any CPU
		{094396A0-C5F8-4992-B849-FF34257D5D1B}.Debug|Any CPU.ActiveCfg = Debug|Any CPU
		{094396A0-C5F8-4992-B849-FF34257D5D1B}.Debug|Any CPU.Build.0 = Debug|Any CPU
		{094396A0-C5F8-4992-B849-FF34257D5D1B}.Release|Any CPU.ActiveCfg = Release|Any CPU
		{094396A0-C5F8-4992-B849-FF34257D5D1B}.Release|Any CPU.Build.0 = Release|Any CPU
	EndGlobalSection
EndGlobal
